
Microsoft Visual Studio Solution File, Format Version 12.00
# Visual Studio Version 16
VisualStudioVersion = 16.0.30330.147
MinimumVisualStudioVersion = 10.0.40219.1
Project("{FAE04EC0-301F-11D3-BF4B-00C04F79EFBC}") = "PWANetCoreDemo", "PWANetCoreDemo\PWANetCoreDemo.csproj", "{A78243D3-B2C0-4AD7-B1FD-C78A9E4C4DB4}"
EndProject
Global
	GlobalSection(SolutionConfigurationPlatforms) = preSolution
		Debug|Any CPU = Debug|Any CPU
		Release|Any CPU = Release|Any CPU
	EndGlobalSection
	GlobalSection(ProjectConfigurationPlatforms) = postSolution
		{A78243D3-B2C0-4AD7-B1FD-C78A9E4C4DB4}.Debug|Any CPU.ActiveCfg = Debug|Any CPU
		{A78243D3-B2C0-4AD7-B1FD-C78A9E4C4DB4}.Debug|Any CPU.Build.0 = Debug|Any CPU
		{A78243D3-B2C0-4AD7-B1FD-C78A9E4C4DB4}.Release|Any CPU.ActiveCfg = Release|Any CPU
		{A78243D3-B2C0-4AD7-B1FD-C78A9E4C4DB4}.Release|Any CPU.Build.0 = Release|Any CPU
	EndGlobalSection
	GlobalSection(SolutionProperties) = preSolution
		HideSolutionNode = FALSE
	EndGlobalSection
	GlobalSection(ExtensibilityGlobals) = postSolution
		SolutionGuid = {DD209029-79E1-4835-B072-DACC83C20F53}
	EndGlobalSection
EndGlobal
